
Microsoft Visual Studio Solution File, Format Version 12.00
# Visual Studio Version 17
VisualStudioVersion = 17.14.36127.28 d17.14
MinimumVisualStudioVersion = 10.0.40219.1
Project("{FAE04EC0-301F-11D3-BF4B-00C04F79EFBC}") = "RepositoryDesignPattern", "RepositoryDesignPattern.csproj", "{4F26A838-E0CD-4E2B-B16F-AB4C2D045EE7}"
EndProject
Global
	GlobalSection(SolutionConfigurationPlatforms) = preSolution
		Debug|Any CPU = Debug|Any CPU
		Release|Any CPU = Release|Any CPU
	EndGlobalSection
	GlobalSection(ProjectConfigurationPlatforms) = postSolution
		{4F26A838-E0CD-4E2B-B16F-AB4C2D045EE7}.Debug|Any CPU.ActiveCfg = Debug|Any CPU
		{4F26A838-E0CD-4E2B-B16F-AB4C2D045EE7}.Debug|Any CPU.Build.0 = Debug|Any CPU
		{4F26A838-E0CD-4E2B-B16F-AB4C2D045EE7}.Release|Any CPU.ActiveCfg = Release|Any CPU
		{4F26A838-E0CD-4E2B-B16F-AB4C2D045EE7}.Release|Any CPU.Build.0 = Release|Any CPU
	EndGlobalSection
	GlobalSection(SolutionProperties) = preSolution
		HideSolutionNode = FALSE
	EndGlobalSection
	GlobalSection(ExtensibilityGlobals) = postSolution
		SolutionGuid = {CE226CA4-9813-43D9-803B-38DCDD991C6A}
	EndGlobalSection
EndGlobal
